<Project xmlns="http://schemas.microsoft.com/developer/msbuild/2003">
    <PropertyGroup>
        <ProjectGuid>{270BCED6-74DA-4085-B292-C383C944E2E0}</ProjectGuid>
        <MainSource>dialogs_Plugin.dpr</MainSource>
        <Basis>True</Basis>
        <Config Condition="'$(Config)'==''">Debug</Config>
        <AppType>Library</AppType>
        <FrameworkType>VCL</FrameworkType>
        <DCC_DCCCompiler>DCC32</DCC_DCCCompiler>
        <ProjectVersion>18.7</ProjectVersion>
        <Base>True</Base>
        <Platform Condition="'$(Platform)'==''">Win32</Platform>
        <TargetedPlatforms>1</TargetedPlatforms>
    </PropertyGroup>
    <PropertyGroup Condition="'$(Config)'=='Base' or '$(Base)'!=''">
        <Base>true</Base>
    </PropertyGroup>
    <PropertyGroup Condition="('$(Platform)'=='Win32' and '$(Base)'=='true') or '$(Base_Win32)'!=''">
        <Base_Win32>true</Base_Win32>
        <CfgParent>Base</CfgParent>
        <Base>true</Base>
    </PropertyGroup>
    <PropertyGroup Condition="'$(Config)'=='Release' or '$(Cfg_1)'!=''">
        <Cfg_1>true</Cfg_1>
        <CfgParent>Base</CfgParent>
        <Base>true</Base>
    </PropertyGroup>
    <PropertyGroup Condition="('$(Platform)'=='Win32' and '$(Cfg_1)'=='true') or '$(Cfg_1_Win32)'!=''">
        <Cfg_1_Win32>true</Cfg_1_Win32>
        <CfgParent>Cfg_1</CfgParent>
        <Cfg_1>true</Cfg_1>
        <Base>true</Base>
    </PropertyGroup>
    <PropertyGroup Condition="'$(Config)'=='Debug' or '$(Cfg_2)'!=''">
        <Cfg_2>true</Cfg_2>
        <CfgParent>Base</CfgParent>
        <Base>true</Base>
    </PropertyGroup>
    <PropertyGroup Condition="('$(Platform)'=='Win32' and '$(Cfg_2)'=='true') or '$(Cfg_2_Win32)'!=''">
        <Cfg_2_Win32>true</Cfg_2_Win32>
        <CfgParent>Cfg_2</CfgParent>
        <Cfg_2>true</Cfg_2>
        <Base>true</Base>
    </PropertyGroup>
    <PropertyGroup Condition="'$(Base)'!=''">
        <SanitizedProjectName>dialogs_Plugin</SanitizedProjectName>
        <Manifest_File>$(BDS)\bin\default_app.manifest</Manifest_File>
        <VerInfo_Build>8</VerInfo_Build>
        <VerInfo_Keys>CompanyName=Project JEDI;FileDescription=Dialog Plugin;FileVersion=1.1.4.8;InternalName=;LegalCopyright=MPL 1.1;LegalTrademarks=;OriginalFilename=;ProductName=Jedi Make;ProductVersion=1.1;Comments=</VerInfo_Keys>
        <VerInfo_IncludeVerInfo>true</VerInfo_IncludeVerInfo>
        <DCC_Namespace>System;Xml;Data;Datasnap;Web;Soap;Winapi;Vcl;System.Win;Vcl.Imaging;Vcl.Touch;Vcl.Samples;Vcl.Shell;$(DCC_Namespace)</DCC_Namespace>
        <VerInfo_MinorVer>1</VerInfo_MinorVer>
        <VerInfo_DLL>true</VerInfo_DLL>
        <VerInfo_Locale>1033</VerInfo_Locale>
        <VerInfo_Release>4</VerInfo_Release>
        <DCC_UsePackage>rtl;vcl;dbrtl;vcldb;vclx;adortl;dbxcds;dbexpress;vclib;ibxpress;IntrawebDB_72_90;Intraweb_72_90;xmlrtl;vclie;inet;inetdbbde;inetdbxpress;IndySystem;IndyCore;dclOfficeXP;VclSmp;soaprtl;dsnap;IndyProtocols;inetdb;bdertl;vcldbx;webdsnap;websnap;vclactnband;vclshlctrls;dsnapcon;teeui;teedb;tee;Rave60VCL;DJcl;JvStdCtrlsD9R;JvAppFrmD9R;JvCoreD9R;JvBandsD9R;JvBDED9R;JvDBD9R;JvDlgsD9R;JvCmpD9R;JvCryptD9R;JvCtrlsD9R;JvCustomD9R;JvDockingD9R;JvDotNetCtrlsD9R;JvEDID9R;JvGlobusD9R;JvHMID9R;JvInspectorD9R;JvInterpreterD9R;JvJansD9R;JvManagedThreadsD9R;JvMMD9R;JvNetD9R;JvPageCompsD9R;JvPluginD9R;JvPrintPreviewD9R;JvSystemD9R;JvTimeFrameworkD9R;JvUIBD9R;JvValidatorsD9R;JvWizardD9R;JvXPCtrlsD9R;BasicV1D9;ClassV1D9;SpecV1D9;AdditiveD9rtl;addex1d9rtl;GFDLIB90;RunFusD9;ssgreatis9;cxLibraryD9;dxmdsD9;dxThemeD9;cxEditorsD9;cxDataD9;cxExtEditorsD9;cxTreeListD9;cxGridD9;cxPageControlD9;dxorgcD9;dxdborD9;dxtrmdD9;dxdbtrD9;dxBarD9;dxComnD9;dxBarDBNavD9;dxBarExtDBItemsD9;dxBarExtItemsD9;dxDockingD9;dxsbD9;kprocs9;dbexp_sq9;sq9;bde_sq9;ado_sq9;elpackD9;addex2d9rtl;ManagedVCLD9;xsToolsD9;xsScriptD9;SynEdit_R2005;$(DCC_UsePackage)</DCC_UsePackage>
        <DCC_SymbolReferenceInfo>1</DCC_SymbolReferenceInfo>
        <DCC_DcuOutput>..\..\..\lib</DCC_DcuOutput>
        <DCC_ExeOutput>..\..\..\bin</DCC_ExeOutput>
        <DCC_ImageBase>00400000</DCC_ImageBase>
        <DCC_N>true</DCC_N>
        <DCC_S>false</DCC_S>
        <GenDll>true</GenDll>
        <DCC_E>false</DCC_E>
        <DCC_F>false</DCC_F>
        <DCC_K>false</DCC_K>
    </PropertyGroup>
    <PropertyGroup Condition="'$(Base_Win32)'!=''">
        <VerInfo_Build>0</VerInfo_Build>
        <VerInfo_Release>0</VerInfo_Release>
        <VerInfo_MinorVer>0</VerInfo_MinorVer>
        <DCC_Namespace>Data.Win;Datasnap.Win;Web.Win;Soap.Win;Xml.Win;Bde;$(DCC_Namespace)</DCC_Namespace>
        <Debugger_HostApplication>V:\projects\jedivcs\src\jedivcsmake\bin\jvcsmak.exe</Debugger_HostApplication>
        <VerInfo_Keys>CompanyName=;FileVersion=1.0.0.0;InternalName=;LegalCopyright=;LegalTrademarks=;OriginalFilename=;ProductVersion=1.0.0.0;Comments=;ProgramID=com.embarcadero.$(ModuleName);FileDescription=$(ModuleName);ProductName=$(ModuleName)</VerInfo_Keys>
    </PropertyGroup>
    <PropertyGroup Condition="'$(Cfg_1)'!=''">
        <DCC_LocalDebugSymbols>false</DCC_LocalDebugSymbols>
        <DCC_Define>RELEASE;$(DCC_Define)</DCC_Define>
        <DCC_SymbolReferenceInfo>0</DCC_SymbolReferenceInfo>
        <DCC_DebugInformation>0</DCC_DebugInformation>
    </PropertyGroup>
    <PropertyGroup Condition="'$(Cfg_1_Win32)'!=''">
        <VerInfo_Build>0</VerInfo_Build>
        <VerInfo_Release>0</VerInfo_Release>
        <VerInfo_Keys>CompanyName=;FileVersion=1.0.0.0;InternalName=;LegalCopyright=;LegalTrademarks=;OriginalFilename=;ProductVersion=1.0.0.0;Comments=;ProgramID=com.embarcadero.$(ModuleName);FileDescription=$(ModuleName);ProductName=$(ModuleName)</VerInfo_Keys>
        <VerInfo_MinorVer>0</VerInfo_MinorVer>
    </PropertyGroup>
    <PropertyGroup Condition="'$(Cfg_2)'!=''">
        <DCC_Define>DEBUG;$(DCC_Define)</DCC_Define>
        <DCC_Optimize>false</DCC_Optimize>
        <DCC_GenerateStackFrames>true</DCC_GenerateStackFrames>
    </PropertyGroup>
    <PropertyGroup Condition="'$(Cfg_2_Win32)'!=''">
        <Manifest_File>None</Manifest_File>
        <VerInfo_Release>0</VerInfo_Release>
        <VerInfo_Build>0</VerInfo_Build>
        <VerInfo_Keys>CompanyName=;FileVersion=1.0.0.0;InternalName=;LegalCopyright=;LegalTrademarks=;OriginalFilename=;ProductVersion=1.0.0.0;Comments=;ProgramID=com.embarcadero.$(ModuleName);FileDescription=$(ModuleName);ProductName=$(ModuleName)</VerInfo_Keys>
        <VerInfo_MinorVer>0</VerInfo_MinorVer>
        <DCC_DebugInformation>true</DCC_DebugInformation>
        <DCC_MapFile>3</DCC_MapFile>
        <DCC_Define>madExcept;$(DCC_Define)</DCC_Define>
    </PropertyGroup>
    <ItemGroup>
        <DelphiCompile Include="$(MainSource)">
            <MainSource>MainSource</MainSource>
        </DelphiCompile>
        <DCCReference Include="dialogs_Vars.pas"/>
        <DCCReference Include="dialogs_Actions.pas">
            <Form>Form3</Form>
        </DCCReference>
        <DCCReference Include="dialogs_Actiontest.pas">
            <Form>Form2</Form>
        </DCCReference>
        <DCCReference Include="dialogs_EditMsgBoxModule.pas">
            <Form>FormMsgBoxModuleEdit</Form>
        </DCCReference>
        <DCCReference Include="dialogs_EditInputBoxModule.pas">
            <Form>FormInputBoxModuleEdit</Form>
        </DCCReference>
        <DCCReference Include="dialogs_MsgBox.pas"/>
        <DCCReference Include="dialogs_InputBox.pas"/>
        <DCCReference Include="dialogs_tools.pas"/>
        <DCCReference Include="dialogs_dlgInput.pas">
            <Form>FormDlgInput</Form>
            <FormType>dfm</FormType>
        </DCCReference>
        <DCCReference Include="..\..\framework\makestudio_TLB.pas"/>
        <BuildConfiguration Include="Debug">
            <Key>Cfg_2</Key>
            <CfgParent>Base</CfgParent>
        </BuildConfiguration>
        <BuildConfiguration Include="Base">
            <Key>Base</Key>
        </BuildConfiguration>
        <BuildConfiguration Include="Release">
            <Key>Cfg_1</Key>
            <CfgParent>Base</CfgParent>
        </BuildConfiguration>
    </ItemGroup>
    <Import Condition="Exists('$(BDS)\Bin\CodeGear.Delphi.Targets')" Project="$(BDS)\Bin\CodeGear.Delphi.Targets"/>
    <Import Condition="Exists('$(APPDATA)\Embarcadero\$(BDSAPPDATABASEDIR)\$(PRODUCTVERSION)\UserTools.proj')" Project="$(APPDATA)\Embarcadero\$(BDSAPPDATABASEDIR)\$(PRODUCTVERSION)\UserTools.proj"/>
    <ProjectExtensions>
        <Borland.Personality>Delphi.Personality.12</Borland.Personality>
        <Borland.ProjectType/>
        <BorlandProject>
            <Delphi.Personality>
                <Source>
                    <Source Name="MainSource">dialogs_Plugin.dpr</Source>
                </Source>
                <Parameters>
                    <Parameters Name="HostApplication">V:\projects\jedivcs\src\jedivcsmake\bin\jvcsmak.exe</Parameters>
                </Parameters>
                <VersionInfo>
                    <VersionInfo Name="IncludeVerInfo">True</VersionInfo>
                    <VersionInfo Name="AutoIncBuild">False</VersionInfo>
                    <VersionInfo Name="MajorVer">1</VersionInfo>
                    <VersionInfo Name="MinorVer">1</VersionInfo>
                    <VersionInfo Name="Release">4</VersionInfo>
                    <VersionInfo Name="Build">8</VersionInfo>
                    <VersionInfo Name="Debug">False</VersionInfo>
                    <VersionInfo Name="PreRelease">False</VersionInfo>
                    <VersionInfo Name="Special">False</VersionInfo>
                    <VersionInfo Name="Private">False</VersionInfo>
                    <VersionInfo Name="DLL">True</VersionInfo>
                    <VersionInfo Name="Locale">1033</VersionInfo>
                    <VersionInfo Name="CodePage">1252</VersionInfo>
                </VersionInfo>
                <VersionInfoKeys>
                    <VersionInfoKeys Name="CompanyName">Project JEDI</VersionInfoKeys>
                    <VersionInfoKeys Name="FileDescription">Dialog Plugin</VersionInfoKeys>
                    <VersionInfoKeys Name="FileVersion">1.1.4.8</VersionInfoKeys>
                    <VersionInfoKeys Name="InternalName"/>
                    <VersionInfoKeys Name="LegalCopyright">MPL 1.1</VersionInfoKeys>
                    <VersionInfoKeys Name="LegalTrademarks"/>
                    <VersionInfoKeys Name="OriginalFilename"/>
                    <VersionInfoKeys Name="ProductName">Jedi Make</VersionInfoKeys>
                    <VersionInfoKeys Name="ProductVersion">1.1</VersionInfoKeys>
                    <VersionInfoKeys Name="Comments"/>
                </VersionInfoKeys>
                <Excluded_Packages>
                    <Excluded_Packages Name="$(BDSBIN)\dcloffice2k190.bpl">Microsoft Office 2000 Beispiele für gekapselte Komponenten für Automatisierungsserver</Excluded_Packages>
                    <Excluded_Packages Name="$(BDSBIN)\dclofficexp190.bpl">Microsoft Office XP Beispiele für gekapselte Komponenten für Automation Server</Excluded_Packages>
                    <Excluded_Packages Name="C:\Users\Public\Documents\RAD Studio\12.0\Bpl\dclFMXfsTee19.bpl">FastScript 1.9 FMX Tee Components</Excluded_Packages>
                </Excluded_Packages>
            </Delphi.Personality>
            <Platforms>
                <Platform value="OSX32">False</Platform>
                <Platform value="Win32">True</Platform>
                <Platform value="Win64">False</Platform>
            </Platforms>
        </BorlandProject>
        <ProjectFileVersion>12</ProjectFileVersion>
    </ProjectExtensions>
</Project>
