Microsoft Visual Studio Solution File, Format Version 8.00
Project("{FAE04EC0-301F-11D3-BF4B-00C04F79EFBC}") = "csclient", "csclient.csproj", "{E25695CF-062C-480E-B632-481BFACB42CC}"
	ProjectSection(ProjectDependencies) = postProject
	EndProjectSection
EndProject
Global
	GlobalSection(SolutionConfiguration) = preSolution
		Debug = Debug
		Release = Release
	EndGlobalSection
	GlobalSection(ProjectConfiguration) = postSolution
		{E25695CF-062C-480E-B632-481BFACB42CC}.Debug.ActiveCfg = Debug|.NET
		{E25695CF-062C-480E-B632-481BFACB42CC}.Debug.Build.0 = Debug|.NET
		{E25695CF-062C-480E-B632-481BFACB42CC}.Release.ActiveCfg = Release|.NET
		{E25695CF-062C-480E-B632-481BFACB42CC}.Release.Build.0 = Release|.NET
	EndGlobalSection
	GlobalSection(ExtensibilityGlobals) = postSolution
	EndGlobalSection
	GlobalSection(ExtensibilityAddIns) = postSolution
	EndGlobalSection
EndGlobal
