<Project xmlns="http://schemas.microsoft.com/developer/msbuild/2003">
    <PropertyGroup>
        <ProjectGuid>{BA85A091-967E-418C-8395-8F6C5B3095F5}</ProjectGuid>
        <MainSource>delphi32_Plugin.dpr</MainSource>
        <Config Condition="'$(Config)'==''">Debug</Config>
        <DCC_DCCCompiler>DCC32</DCC_DCCCompiler>
        <ProjectVersion>18.7</ProjectVersion>
        <Basis>True</Basis>
        <AppType>Library</AppType>
        <FrameworkType>VCL</FrameworkType>
        <Base>True</Base>
        <Platform Condition="'$(Platform)'==''">Win32</Platform>
        <TargetedPlatforms>1</TargetedPlatforms>
        <Platform>Win32</Platform>
    </PropertyGroup>
    <PropertyGroup Condition="'$(Config)'=='Base' or '$(Base)'!=''">
        <Base>true</Base>
    </PropertyGroup>
    <PropertyGroup Condition="('$(Platform)'=='Win32' and '$(Base)'=='true') or '$(Base_Win32)'!=''">
        <Base_Win32>true</Base_Win32>
        <CfgParent>Base</CfgParent>
        <Base>true</Base>
    </PropertyGroup>
    <PropertyGroup Condition="'$(Config)'=='Release' or '$(Cfg_1)'!=''">
        <Cfg_1>true</Cfg_1>
        <CfgParent>Base</CfgParent>
        <Base>true</Base>
    </PropertyGroup>
    <PropertyGroup Condition="'$(Config)'=='Debug' or '$(Cfg_2)'!=''">
        <Cfg_2>true</Cfg_2>
        <CfgParent>Base</CfgParent>
        <Base>true</Base>
    </PropertyGroup>
    <PropertyGroup Condition="('$(Platform)'=='Win32' and '$(Cfg_2)'=='true') or '$(Cfg_2_Win32)'!=''">
        <Cfg_2_Win32>true</Cfg_2_Win32>
        <CfgParent>Cfg_2</CfgParent>
        <Cfg_2>true</Cfg_2>
        <Base>true</Base>
    </PropertyGroup>
    <PropertyGroup Condition="'$(Base)'!=''">
        <SanitizedProjectName>delphi32_Plugin</SanitizedProjectName>
        <Manifest_File>None</Manifest_File>
        <VerInfo_Build>10</VerInfo_Build>
        <VerInfo_Keys>FileVersion=1.2.0.10;ProductVersion=1.0.0.0;CompanyName=;FileDescription=;InternalName=;LegalCopyright=;LegalTrademarks=;OriginalFilename=;ProductName=</VerInfo_Keys>
        <VerInfo_AutoGenVersion>true</VerInfo_AutoGenVersion>
        <DCC_Namespace>Vcl;Vcl.Imaging;Vcl.Touch;Vcl.Samples;Vcl.Shell;System;Xml;Data;Datasnap;Web;Soap;Winapi;System.Win;$(DCC_Namespace)</DCC_Namespace>
        <VerInfo_MinorVer>2</VerInfo_MinorVer>
        <VerInfo_DLL>true</VerInfo_DLL>
        <VerInfo_Locale>1033</VerInfo_Locale>
        <DCC_ImageBase>00400000</DCC_ImageBase>
        <DCC_UsePackage>rtl;vcl;dbrtl;vcldb;vclx;adortl;dbxcds;dbexpress;vclib;ibxpress;IntrawebDB_72_90;Intraweb_72_90;xmlrtl;vclie;inet;inetdbbde;inetdbxpress;IndySystem;IndyCore;dclOfficeXP;VclSmp;dsnap;soaprtl;IndyProtocols;inetdb;bdertl;vcldbx;webdsnap;websnap;vclactnband;vclshlctrls;dsnapcon;teeui;teedb;tee;JVCSd9;PatchPackd9;AbkStdD9;IcsDel90;AbkDBStdD9;AdditiveD9rtl;DJcl;SerialD9;$(DCC_UsePackage)</DCC_UsePackage>
        <DCC_SymbolReferenceInfo>1</DCC_SymbolReferenceInfo>
        <DCC_DependencyCheckOutputName>..\..\bin\delphi32_JVCSMakPlugin.jpl</DCC_DependencyCheckOutputName>
        <DCC_Platform>x86</DCC_Platform>
        <DCC_ExeOutput>..\..\..\bin</DCC_ExeOutput>
        <DCC_N>true</DCC_N>
        <DCC_S>false</DCC_S>
        <GenDll>true</GenDll>
        <DCC_K>false</DCC_K>
        <DCC_DcuOutput>..\..\..\lib</DCC_DcuOutput>
        <DCC_E>false</DCC_E>
        <DCC_F>false</DCC_F>
    </PropertyGroup>
    <PropertyGroup Condition="'$(Base_Win32)'!=''">
        <OutputExt>dll</OutputExt>
    </PropertyGroup>
    <PropertyGroup Condition="'$(Cfg_1)'!=''">
        <DCC_LocalDebugSymbols>false</DCC_LocalDebugSymbols>
        <DCC_Define>RELEASE;$(DCC_Define)</DCC_Define>
        <DCC_SymbolReferenceInfo>0</DCC_SymbolReferenceInfo>
        <DCC_DebugInformation>0</DCC_DebugInformation>
    </PropertyGroup>
    <PropertyGroup Condition="'$(Cfg_2)'!=''">
        <DCC_DependencyCheckOutputName>C:\Program Files\JEDI\Jedi Make\delphi32_JVCSMakPlugin.jpl</DCC_DependencyCheckOutputName>
        <DCC_Define>DEBUG;$(DCC_Define)</DCC_Define>
    </PropertyGroup>
    <PropertyGroup Condition="'$(Cfg_2_Win32)'!=''">
        <VerInfo_MinorVer>19</VerInfo_MinorVer>
        <VerInfo_Release>5</VerInfo_Release>
        <DCC_MapFile>3</DCC_MapFile>
        <VerInfo_AutoGenVersion>false</VerInfo_AutoGenVersion>
        <VerInfo_IncludeVerInfo>true</VerInfo_IncludeVerInfo>
        <VerInfo_Keys>FileVersion=1.19.5.10;ProductVersion=19.0;CompanyName=;InternalName=;LegalCopyright=;LegalTrademarks=;OriginalFilename=;ProgramID=com.embarcadero.$(MSBuildProjectName);FileDescription=$(MSBuildProjectName);ProductName=$(MSBuildProjectName)</VerInfo_Keys>
        <Debugger_HostApplication>..\..\..\bin\makestudio.exe</Debugger_HostApplication>
        <DCC_Define>madExcept;$(DCC_Define)</DCC_Define>
    </PropertyGroup>
    <ItemGroup>
        <DelphiCompile Include="$(MainSource)">
            <MainSource>MainSource</MainSource>
        </DelphiCompile>
        <DCCReference Include="delphi32_Vars.pas"/>
        <DCCReference Include="delphi32_Compile.pas"/>
        <DCCReference Include="delphi32_Actions.pas">
            <Form>Form3</Form>
        </DCCReference>
        <DCCReference Include="delphi32_EditDelphi32Module.pas">
            <Form>FormEditModule</Form>
        </DCCReference>
        <DCCReference Include="delphi32_DelphiPath.pas">
            <Form>FormSearchPathDelphi</Form>
        </DCCReference>
        <DCCReference Include="delphi32_SelectDelphiVersion.pas">
            <Form>FormSelectDelphiVersion</Form>
        </DCCReference>
        <DCCReference Include="delphi32_Utils.pas"/>
        <DCCReference Include="delphi32_SetDelphiVersionModule.pas"/>
        <DCCReference Include="delphi32_BDSEnvironment.pas">
            <Form>FormSelectBDSEnvironment</Form>
        </DCCReference>
        <DCCReference Include="delphi32_CompilerSwitch.pas">
            <Form>FormCompilerSwitches</Form>
        </DCCReference>
        <DCCReference Include="delphi32_CheckVersionEdit.pas">
            <Form>FormEditDelphi32CheckVersionParams</Form>
        </DCCReference>
        <DCCReference Include="delphi32_CheckVersionCommand.pas"/>
        <DCCReference Include="delphi32_SpecialSettingsEdit.pas">
            <Form>FormEditSpecialSettingsParams</Form>
        </DCCReference>
        <DCCReference Include="delphi32_SpecialSettingsCommand.pas"/>
        <DCCReference Include="delphi32_brcc32Command.pas"/>
        <DCCReference Include="delphi32_brcc32CommandEdit.pas">
            <Form>FormEditbrcc32Command</Form>
        </DCCReference>
        <DCCReference Include="delphi_EditSelectDelphiPlatform.pas">
            <Form>FormEditSelectDelphiPlatform</Form>
        </DCCReference>
        <DCCReference Include="delphi_SelectDelphiPlatformCommand.pas"/>
        <DCCReference Include="delphi_EditEditNamespaces.pas">
            <Form>FormEditEditNamespaces</Form>
        </DCCReference>
        <DCCReference Include="delphi_EditNamespaces.pas"/>
        <DCCReference Include="delphi_AddComponentFolder.pas">
            <Form>FormAddComponentFolder</Form>
        </DCCReference>
        <DCCReference Include="..\..\framework\makestudio_TLB.pas"/>
        <BuildConfiguration Include="Debug">
            <Key>Cfg_2</Key>
            <CfgParent>Base</CfgParent>
        </BuildConfiguration>
        <BuildConfiguration Include="Base">
            <Key>Base</Key>
        </BuildConfiguration>
        <BuildConfiguration Include="Release">
            <Key>Cfg_1</Key>
            <CfgParent>Base</CfgParent>
        </BuildConfiguration>
    </ItemGroup>
    <Import Condition="Exists('$(BDS)\Bin\CodeGear.Delphi.Targets')" Project="$(BDS)\Bin\CodeGear.Delphi.Targets"/>
    <Import Condition="Exists('$(APPDATA)\Embarcadero\$(BDSAPPDATABASEDIR)\$(PRODUCTVERSION)\UserTools.proj')" Project="$(APPDATA)\Embarcadero\$(BDSAPPDATABASEDIR)\$(PRODUCTVERSION)\UserTools.proj"/>
    <ProjectExtensions>
        <Borland.Personality>Delphi.Personality.12</Borland.Personality>
        <Borland.ProjectType/>
        <BorlandProject>
            <Delphi.Personality>
                <Source>
                    <Source Name="MainSource">delphi32_Plugin.dpr</Source>
                </Source>
                <Parameters>
                    <Parameters Name="HostApplication">..\..\bin\Jvcsmak.exe</Parameters>
                </Parameters>
                <VersionInfo>
                    <VersionInfo Name="IncludeVerInfo">False</VersionInfo>
                    <VersionInfo Name="AutoIncBuild">True</VersionInfo>
                    <VersionInfo Name="MajorVer">1</VersionInfo>
                    <VersionInfo Name="MinorVer">2</VersionInfo>
                    <VersionInfo Name="Release">0</VersionInfo>
                    <VersionInfo Name="Build">14</VersionInfo>
                    <VersionInfo Name="Debug">False</VersionInfo>
                    <VersionInfo Name="PreRelease">False</VersionInfo>
                    <VersionInfo Name="Special">False</VersionInfo>
                    <VersionInfo Name="Private">False</VersionInfo>
                    <VersionInfo Name="DLL">True</VersionInfo>
                    <VersionInfo Name="Locale">1033</VersionInfo>
                    <VersionInfo Name="CodePage">1252</VersionInfo>
                </VersionInfo>
                <VersionInfoKeys>
                    <VersionInfoKeys Name="FileVersion">1.2.0.14</VersionInfoKeys>
                    <VersionInfoKeys Name="ProductVersion">1.0.0.0</VersionInfoKeys>
                    <VersionInfoKeys Name="CompanyName"/>
                    <VersionInfoKeys Name="FileDescription"/>
                    <VersionInfoKeys Name="InternalName"/>
                    <VersionInfoKeys Name="LegalCopyright"/>
                    <VersionInfoKeys Name="LegalTrademarks"/>
                    <VersionInfoKeys Name="OriginalFilename"/>
                    <VersionInfoKeys Name="ProductName"/>
                </VersionInfoKeys>
                <Excluded_Packages>
                    <Excluded_Packages Name="C:\Users\Public\Documents\Embarcadero\Studio\19.0\Bpl\dclfrxcs25.bpl">FastReport 5.0 Client/Server Components</Excluded_Packages>
                    <Excluded_Packages Name="C:\Users\Public\Documents\Embarcadero\Studio\19.0\Bpl\dclfrxe25.bpl">FastReport 5.0 Exports</Excluded_Packages>
                    <Excluded_Packages Name="C:\Users\Public\Documents\Embarcadero\Studio\19.0\Bpl\dclfrxFD25.bpl">FastReport 5.0 FireDAC Components - Designtime Package</Excluded_Packages>
                    <Excluded_Packages Name="$(BDSBIN)\dcloffice2k250.bpl">Microsoft Office 2000 Beispiele für gekapselte Komponenten für Automatisierungsserver</Excluded_Packages>
                    <Excluded_Packages Name="$(BDSBIN)\dclofficexp250.bpl">Microsoft Office XP Beispiele für gekapselte Komponenten für Automation Server</Excluded_Packages>
                </Excluded_Packages>
            </Delphi.Personality>
            <Platforms>
                <Platform value="Win32">True</Platform>
                <Platform value="Win64">False</Platform>
            </Platforms>
            <ModelSupport>False</ModelSupport>
        </BorlandProject>
        <ProjectFileVersion>12</ProjectFileVersion>
    </ProjectExtensions>
</Project>
